{
  "name": "Ejercicio03",
  "lockfileVersion": 2,
  "requires": true,
  "packages": {
    "": {
      "dependencies": {
        "numalet": "^0.2.1",
        "number-to-words": "^1.2.4"
      }
    },
    "node_modules/numalet": {
      "version": "0.2.1",
      "resolved": "https://registry.npmjs.org/numalet/-/numalet-0.2.1.tgz",
      "integrity": "sha512-rmm6o/0eShl92e7EoYs7VmyBB0c/LdTYm00UYB7S5cvXhz0wCU16FXzYQaBzGW1KF/SmYaHnP9iFj3gGd339ew=="
    },
    "node_modules/number-to-words": {
      "version": "1.2.4",
      "resolved": "https://registry.npmjs.org/number-to-words/-/number-to-words-1.2.4.tgz",
      "integrity": "sha512-/fYevVkXRcyBiZDg6yzZbm0RuaD6i0qRfn8yr+6D0KgBMOndFPxuW10qCHpzs50nN8qKuv78k8MuotZhcVX6Pw=="
    }
  },
  "dependencies": {
    "numalet": {
      "version": "0.2.1",
      "resolved": "https://registry.npmjs.org/numalet/-/numalet-0.2.1.tgz",
      "integrity": "sha512-rmm6o/0eShl92e7EoYs7VmyBB0c/LdTYm00UYB7S5cvXhz0wCU16FXzYQaBzGW1KF/SmYaHnP9iFj3gGd339ew=="
    },
    "number-to-words": {
      "version": "1.2.4",
      "resolved": "https://registry.npmjs.org/number-to-words/-/number-to-words-1.2.4.tgz",
      "integrity": "sha512-/fYevVkXRcyBiZDg6yzZbm0RuaD6i0qRfn8yr+6D0KgBMOndFPxuW10qCHpzs50nN8qKuv78k8MuotZhcVX6Pw=="
    }
  }
}
